
Microsoft Visual Studio Solution File, Format Version 12.00
# Visual Studio Version 17
VisualStudioVersion = 17.0.31903.59
MinimumVisualStudioVersion = 10.0.40219.1
Project("{FAE04EC0-301F-11D3-BF4B-00C04F79EFBC}") = "CrashCollector.Console", "CrashCollector.Console\CrashCollector.Console.csproj", "{F1035595-3914-4323-BBD6-45989CEA04EE}"
EndProject
Project("{FAE04EC0-301F-11D3-BF4B-00C04F79EFBC}") = "CrashCollector.Api", "CrashCollector.Api\CrashCollector.Api.csproj", "{87C1C8C7-C1A8-4AFB-A88C-0BC395D4EAB5}"
EndProject
Project("{FAE04EC0-301F-11D3-BF4B-00C04F79EFBC}") = "DellDigitalDelivery.App", "DellDigitalDelivery.App\DellDigitalDelivery.App.csproj", "{CAC21445-B751-4073-9F79-5904C71B80D0}"
EndProject
Project("{FAE04EC0-301F-11D3-BF4B-00C04F79EFBC}") = "CrashCollector.AI", "CrashCollector.AI\CrashCollector.AI.csproj", "{8A848B5F-24AC-4F29-8BAC-49E9AED9931C}"
EndProject
Global
	GlobalSection(SolutionConfigurationPlatforms) = preSolution
		Debug|Any CPU = Debug|Any CPU
		Debug|x64 = Debug|x64
		Debug|x86 = Debug|x86
		Release|Any CPU = Release|Any CPU
		Release|x64 = Release|x64
		Release|x86 = Release|x86
	EndGlobalSection
	GlobalSection(ProjectConfigurationPlatforms) = postSolution
		{F1035595-3914-4323-BBD6-45989CEA04EE}.Debug|Any CPU.ActiveCfg = Debug|Any CPU
		{F1035595-3914-4323-BBD6-45989CEA04EE}.Debug|Any CPU.Build.0 = Debug|Any CPU
		{F1035595-3914-4323-BBD6-45989CEA04EE}.Debug|x64.ActiveCfg = Debug|Any CPU
		{F1035595-3914-4323-BBD6-45989CEA04EE}.Debug|x64.Build.0 = Debug|Any CPU
		{F1035595-3914-4323-BBD6-45989CEA04EE}.Debug|x86.ActiveCfg = Debug|Any CPU
		{F1035595-3914-4323-BBD6-45989CEA04EE}.Debug|x86.Build.0 = Debug|Any CPU
		{F1035595-3914-4323-BBD6-45989CEA04EE}.Release|Any CPU.ActiveCfg = Release|Any CPU
		{F1035595-3914-4323-BBD6-45989CEA04EE}.Release|Any CPU.Build.0 = Release|Any CPU
		{F1035595-3914-4323-BBD6-45989CEA04EE}.Release|x64.ActiveCfg = Release|Any CPU
		{F1035595-3914-4323-BBD6-45989CEA04EE}.Release|x64.Build.0 = Release|Any CPU
		{F1035595-3914-4323-BBD6-45989CEA04EE}.Release|x86.ActiveCfg = Release|Any CPU
		{F1035595-3914-4323-BBD6-45989CEA04EE}.Release|x86.Build.0 = Release|Any CPU
		{87C1C8C7-C1A8-4AFB-A88C-0BC395D4EAB5}.Debug|Any CPU.ActiveCfg = Debug|Any CPU
		{87C1C8C7-C1A8-4AFB-A88C-0BC395D4EAB5}.Debug|Any CPU.Build.0 = Debug|Any CPU
		{87C1C8C7-C1A8-4AFB-A88C-0BC395D4EAB5}.Debug|x64.ActiveCfg = Debug|Any CPU
		{87C1C8C7-C1A8-4AFB-A88C-0BC395D4EAB5}.Debug|x64.Build.0 = Debug|Any CPU
		{87C1C8C7-C1A8-4AFB-A88C-0BC395D4EAB5}.Debug|x86.ActiveCfg = Debug|Any CPU
		{87C1C8C7-C1A8-4AFB-A88C-0BC395D4EAB5}.Debug|x86.Build.0 = Debug|Any CPU
		{87C1C8C7-C1A8-4AFB-A88C-0BC395D4EAB5}.Release|Any CPU.ActiveCfg = Release|Any CPU
		{87C1C8C7-C1A8-4AFB-A88C-0BC395D4EAB5}.Release|Any CPU.Build.0 = Release|Any CPU
		{87C1C8C7-C1A8-4AFB-A88C-0BC395D4EAB5}.Release|x64.ActiveCfg = Release|Any CPU
		{87C1C8C7-C1A8-4AFB-A88C-0BC395D4EAB5}.Release|x64.Build.0 = Release|Any CPU
		{87C1C8C7-C1A8-4AFB-A88C-0BC395D4EAB5}.Release|x86.ActiveCfg = Release|Any CPU
		{87C1C8C7-C1A8-4AFB-A88C-0BC395D4EAB5}.Release|x86.Build.0 = Release|Any CPU
		{CAC21445-B751-4073-9F79-5904C71B80D0}.Debug|Any CPU.ActiveCfg = Debug|Any CPU
		{CAC21445-B751-4073-9F79-5904C71B80D0}.Debug|Any CPU.Build.0 = Debug|Any CPU
		{CAC21445-B751-4073-9F79-5904C71B80D0}.Debug|x64.ActiveCfg = Debug|Any CPU
		{CAC21445-B751-4073-9F79-5904C71B80D0}.Debug|x64.Build.0 = Debug|Any CPU
		{CAC21445-B751-4073-9F79-5904C71B80D0}.Debug|x86.ActiveCfg = Debug|Any CPU
		{CAC21445-B751-4073-9F79-5904C71B80D0}.Debug|x86.Build.0 = Debug|Any CPU
		{CAC21445-B751-4073-9F79-5904C71B80D0}.Release|Any CPU.ActiveCfg = Release|Any CPU
		{CAC21445-B751-4073-9F79-5904C71B80D0}.Release|Any CPU.Build.0 = Release|Any CPU
		{CAC21445-B751-4073-9F79-5904C71B80D0}.Release|x64.ActiveCfg = Release|Any CPU
		{CAC21445-B751-4073-9F79-5904C71B80D0}.Release|x64.Build.0 = Release|Any CPU
		{CAC21445-B751-4073-9F79-5904C71B80D0}.Release|x86.ActiveCfg = Release|Any CPU
		{CAC21445-B751-4073-9F79-5904C71B80D0}.Release|x86.Build.0 = Release|Any CPU
		{8A848B5F-24AC-4F29-8BAC-49E9AED9931C}.Debug|Any CPU.ActiveCfg = Debug|Any CPU
		{8A848B5F-24AC-4F29-8BAC-49E9AED9931C}.Debug|Any CPU.Build.0 = Debug|Any CPU
		{8A848B5F-24AC-4F29-8BAC-49E9AED9931C}.Debug|x64.ActiveCfg = Debug|Any CPU
		{8A848B5F-24AC-4F29-8BAC-49E9AED9931C}.Debug|x64.Build.0 = Debug|Any CPU
		{8A848B5F-24AC-4F29-8BAC-49E9AED9931C}.Debug|x86.ActiveCfg = Debug|Any CPU
		{8A848B5F-24AC-4F29-8BAC-49E9AED9931C}.Debug|x86.Build.0 = Debug|Any CPU
		{8A848B5F-24AC-4F29-8BAC-49E9AED9931C}.Release|Any CPU.ActiveCfg = Release|Any CPU
		{8A848B5F-24AC-4F29-8BAC-49E9AED9931C}.Release|Any CPU.Build.0 = Release|Any CPU
		{8A848B5F-24AC-4F29-8BAC-49E9AED9931C}.Release|x64.ActiveCfg = Release|Any CPU
		{8A848B5F-24AC-4F29-8BAC-49E9AED9931C}.Release|x64.Build.0 = Release|Any CPU
		{8A848B5F-24AC-4F29-8BAC-49E9AED9931C}.Release|x86.ActiveCfg = Release|Any CPU
		{8A848B5F-24AC-4F29-8BAC-49E9AED9931C}.Release|x86.Build.0 = Release|Any CPU
	EndGlobalSection
	GlobalSection(SolutionProperties) = preSolution
		HideSolutionNode = FALSE
	EndGlobalSection
EndGlobal
